Microsoft Visual Studio Solution File, Format Version 12.00
# Visual Studio Version 17
VisualStudioVersion = 17.5.2.0
MinimumVisualStudioVersion = 10.0.40219.1
Project("{FAE04EC0-301F-11D3-BF4B-00C04F79EFBC}") = "SocialBackEnd", "SocialBackEnd.csproj", "{18BB9D7E-9F73-F9A6-F11F-309FBD539B0F}"
EndProject
Global
	GlobalSection(SolutionConfigurationPlatforms) = preSolution
		Debug|Any CPU = Debug|Any CPU
		Release|Any CPU = Release|Any CPU
	EndGlobalSection
	GlobalSection(ProjectConfigurationPlatforms) = postSolution
		{18BB9D7E-9F73-F9A6-F11F-309FBD539B0F}.Debug|Any CPU.ActiveCfg = Debug|Any CPU
		{18BB9D7E-9F73-F9A6-F11F-309FBD539B0F}.Debug|Any CPU.Build.0 = Debug|Any CPU
		{18BB9D7E-9F73-F9A6-F11F-309FBD539B0F}.Release|Any CPU.ActiveCfg = Release|Any CPU
		{18BB9D7E-9F73-F9A6-F11F-309FBD539B0F}.Release|Any CPU.Build.0 = Release|Any CPU
	EndGlobalSection
	GlobalSection(SolutionProperties) = preSolution
		HideSolutionNode = FALSE
	EndGlobalSection
	GlobalSection(ExtensibilityGlobals) = postSolution
		SolutionGuid = {8C5DE985-ACC7-48B1-934D-2E17565C09E5}
	EndGlobalSection
EndGlobal
